version: 2.0
shards:
  ameba:
    git: https://github.com/crystal-ameba/ameba.git
    version: 1.0.0

  any_hash:
    git: https://github.com/sija/any_hash.cr.git
    version: 0.2.5

  backtracer:
    git: https://github.com/sija/backtracer.cr.git
    version: 1.2.1

  db:
    git: https://github.com/crystal-lang/crystal-db.git
    version: 0.11.0

  pg:
    git: https://github.com/will/crystal-pg.git
    version: 0.26.0

  promise:
    git: https://github.com/spider-gazelle/promise.git
    version: 3.0.0

  raven:
    git: https://github.com/sija/raven.cr.git
    version: 1.9.2

  ssh2:
    git: https://github.com/spider-gazelle/ssh2.cr.git
    version: 1.5.3

